
Microsoft Visual Studio Solution File, Format Version 12.00
# Visual Studio Version 17
VisualStudioVersion = 17.3.32929.385
MinimumVisualStudioVersion = 10.0.40219.1
Project("{9A19103F-16F7-4668-BE54-9A1E7A4F7556}") = "ProjectNameAPI", "ProjectNameAPI\ProjectNameAPI.csproj", "{18C9E7A5-4CA6-47E3-BC92-772E6C74AF82}"
EndProject
Project("{9A19103F-16F7-4668-BE54-9A1E7A4F7556}") = "Domain", "Domain\Domain.csproj", "{3CC8E19C-F079-4243-AF99-D3A0AE7B22FA}"
EndProject
Project("{FAE04EC0-301F-11D3-BF4B-00C04F79EFBC}") = "Application", "Application\Application.csproj", "{0720CF1F-497F-4F30-AF56-3F7FA5156671}"
EndProject
Project("{FAE04EC0-301F-11D3-BF4B-00C04F79EFBC}") = "Application.Contracts", "Application.Contracts\Application.Contracts.csproj", "{C46E72DD-13A3-4C8F-AAC9-7BF33C4FE506}"
EndProject
Project("{FAE04EC0-301F-11D3-BF4B-00C04F79EFBC}") = "Infrastructure", "Infrastructure\Infrastructure.csproj", "{22F16C5F-5D0C-4D01-9B5B-3F6AB0C55257}"
EndProject
Global
	GlobalSection(SolutionConfigurationPlatforms) = preSolution
		Debug|Any CPU = Debug|Any CPU
		Release|Any CPU = Release|Any CPU
	EndGlobalSection
	GlobalSection(ProjectConfigurationPlatforms) = postSolution
		{18C9E7A5-4CA6-47E3-BC92-772E6C74AF82}.Debug|Any CPU.ActiveCfg = Debug|Any CPU
		{18C9E7A5-4CA6-47E3-BC92-772E6C74AF82}.Debug|Any CPU.Build.0 = Debug|Any CPU
		{18C9E7A5-4CA6-47E3-BC92-772E6C74AF82}.Release|Any CPU.ActiveCfg = Release|Any CPU
		{18C9E7A5-4CA6-47E3-BC92-772E6C74AF82}.Release|Any CPU.Build.0 = Release|Any CPU
		{3CC8E19C-F079-4243-AF99-D3A0AE7B22FA}.Debug|Any CPU.ActiveCfg = Debug|Any CPU
		{3CC8E19C-F079-4243-AF99-D3A0AE7B22FA}.Debug|Any CPU.Build.0 = Debug|Any CPU
		{3CC8E19C-F079-4243-AF99-D3A0AE7B22FA}.Release|Any CPU.ActiveCfg = Release|Any CPU
		{3CC8E19C-F079-4243-AF99-D3A0AE7B22FA}.Release|Any CPU.Build.0 = Release|Any CPU
		{0720CF1F-497F-4F30-AF56-3F7FA5156671}.Debug|Any CPU.ActiveCfg = Debug|Any CPU
		{0720CF1F-497F-4F30-AF56-3F7FA5156671}.Debug|Any CPU.Build.0 = Debug|Any CPU
		{0720CF1F-497F-4F30-AF56-3F7FA5156671}.Release|Any CPU.ActiveCfg = Release|Any CPU
		{0720CF1F-497F-4F30-AF56-3F7FA5156671}.Release|Any CPU.Build.0 = Release|Any CPU
		{C46E72DD-13A3-4C8F-AAC9-7BF33C4FE506}.Debug|Any CPU.ActiveCfg = Debug|Any CPU
		{C46E72DD-13A3-4C8F-AAC9-7BF33C4FE506}.Debug|Any CPU.Build.0 = Debug|Any CPU
		{C46E72DD-13A3-4C8F-AAC9-7BF33C4FE506}.Release|Any CPU.ActiveCfg = Release|Any CPU
		{C46E72DD-13A3-4C8F-AAC9-7BF33C4FE506}.Release|Any CPU.Build.0 = Release|Any CPU
		{22F16C5F-5D0C-4D01-9B5B-3F6AB0C55257}.Debug|Any CPU.ActiveCfg = Debug|Any CPU
		{22F16C5F-5D0C-4D01-9B5B-3F6AB0C55257}.Debug|Any CPU.Build.0 = Debug|Any CPU
		{22F16C5F-5D0C-4D01-9B5B-3F6AB0C55257}.Release|Any CPU.ActiveCfg = Release|Any CPU
		{22F16C5F-5D0C-4D01-9B5B-3F6AB0C55257}.Release|Any CPU.Build.0 = Release|Any CPU
	EndGlobalSection
	GlobalSection(SolutionProperties) = preSolution
		HideSolutionNode = FALSE
	EndGlobalSection
	GlobalSection(ExtensibilityGlobals) = postSolution
		SolutionGuid = {12E50AD9-445B-4AF0-9531-CADAFA69BBD7}
	EndGlobalSection
EndGlobal
